
Microsoft Visual Studio Solution File, Format Version 12.00
# Visual Studio Version 17
VisualStudioVersion = 17.1.32319.34
MinimumVisualStudioVersion = 10.0.40219.1
Project("{9A19103F-16F7-4668-BE54-9A1E7A4F7556}") = "WebStorage", "Logistics\WebStorage.csproj", "{2EB34F14-F782-4913-894A-AFFA11F6DF51}"
EndProject
Project("{FAE04EC0-301F-11D3-BF4B-00C04F79EFBC}") = "OclUdp", "OclUdp\OclUdp.csproj", "{9950611A-E82B-4CBD-9B7E-DDCFBE820F8D}"
EndProject
Project("{FAE04EC0-301F-11D3-BF4B-00C04F79EFBC}") = "FileServer", "FileServer\FileServer.csproj", "{C3BC147F-A0ED-4172-9289-916FBF2C2D44}"
EndProject
Global
	GlobalSection(SolutionConfigurationPlatforms) = preSolution
		Debug|Any CPU = Debug|Any CPU
		Release|Any CPU = Release|Any CPU
	EndGlobalSection
	GlobalSection(ProjectConfigurationPlatforms) = postSolution
		{2EB34F14-F782-4913-894A-AFFA11F6DF51}.Debug|Any CPU.ActiveCfg = Debug|Any CPU
		{2EB34F14-F782-4913-894A-AFFA11F6DF51}.Debug|Any CPU.Build.0 = Debug|Any CPU
		{2EB34F14-F782-4913-894A-AFFA11F6DF51}.Release|Any CPU.ActiveCfg = Release|Any CPU
		{2EB34F14-F782-4913-894A-AFFA11F6DF51}.Release|Any CPU.Build.0 = Release|Any CPU
		{9950611A-E82B-4CBD-9B7E-DDCFBE820F8D}.Debug|Any CPU.ActiveCfg = Debug|Any CPU
		{9950611A-E82B-4CBD-9B7E-DDCFBE820F8D}.Debug|Any CPU.Build.0 = Debug|Any CPU
		{9950611A-E82B-4CBD-9B7E-DDCFBE820F8D}.Release|Any CPU.ActiveCfg = Release|Any CPU
		{9950611A-E82B-4CBD-9B7E-DDCFBE820F8D}.Release|Any CPU.Build.0 = Release|Any CPU
		{C3BC147F-A0ED-4172-9289-916FBF2C2D44}.Debug|Any CPU.ActiveCfg = Debug|Any CPU
		{C3BC147F-A0ED-4172-9289-916FBF2C2D44}.Debug|Any CPU.Build.0 = Debug|Any CPU
		{C3BC147F-A0ED-4172-9289-916FBF2C2D44}.Release|Any CPU.ActiveCfg = Release|Any CPU
		{C3BC147F-A0ED-4172-9289-916FBF2C2D44}.Release|Any CPU.Build.0 = Release|Any CPU
	EndGlobalSection
	GlobalSection(SolutionProperties) = preSolution
		HideSolutionNode = FALSE
	EndGlobalSection
	GlobalSection(ExtensibilityGlobals) = postSolution
		SolutionGuid = {389A7591-4925-4EA8-8FEF-FB6B81F83F7E}
	EndGlobalSection
EndGlobal
